
Microsoft Visual Studio Solution File, Format Version 12.00
# Visual Studio 15
VisualStudioVersion = 15.0.26730.10
MinimumVisualStudioVersion = 10.0.40219.1
Project("{FAE04EC0-301F-11D3-BF4B-00C04F79EFBC}") = "Angular4WebApi", "Angular4WebApi\Angular4WebApi.csproj", "{2F8424F7-3D0F-445C-9D5E-44A84E894657}"
EndProject
Project("{FAE04EC0-301F-11D3-BF4B-00C04F79EFBC}") = "Angular4WebApi.Tests", "Angular4WebApi.Tests\Angular4WebApi.Tests.csproj", "{C5FB76F6-C171-49EE-B2F1-E261476B0CB9}"
EndProject
Global
	GlobalSection(SolutionConfigurationPlatforms) = preSolution
		Debug|Any CPU = Debug|Any CPU
		Release|Any CPU = Release|Any CPU
	EndGlobalSection
	GlobalSection(ProjectConfigurationPlatforms) = postSolution
		{2F8424F7-3D0F-445C-9D5E-44A84E894657}.Debug|Any CPU.ActiveCfg = Debug|Any CPU
		{2F8424F7-3D0F-445C-9D5E-44A84E894657}.Debug|Any CPU.Build.0 = Debug|Any CPU
		{2F8424F7-3D0F-445C-9D5E-44A84E894657}.Release|Any CPU.ActiveCfg = Release|Any CPU
		{2F8424F7-3D0F-445C-9D5E-44A84E894657}.Release|Any CPU.Build.0 = Release|Any CPU
		{C5FB76F6-C171-49EE-B2F1-E261476B0CB9}.Debug|Any CPU.ActiveCfg = Debug|Any CPU
		{C5FB76F6-C171-49EE-B2F1-E261476B0CB9}.Debug|Any CPU.Build.0 = Debug|Any CPU
		{C5FB76F6-C171-49EE-B2F1-E261476B0CB9}.Release|Any CPU.ActiveCfg = Release|Any CPU
		{C5FB76F6-C171-49EE-B2F1-E261476B0CB9}.Release|Any CPU.Build.0 = Release|Any CPU
	EndGlobalSection
	GlobalSection(SolutionProperties) = preSolution
		HideSolutionNode = FALSE
	EndGlobalSection
	GlobalSection(ExtensibilityGlobals) = postSolution
		SolutionGuid = {AB10BD87-1EE2-40CD-B543-863723B0AFBA}
	EndGlobalSection
	GlobalSection(Performance) = preSolution
		HasPerformanceSessions = true
	EndGlobalSection
EndGlobal
